// !$*UTF8*$!
{
	archiveVersion = 1;
	classes = {
	};
	objectVersion = 46;
	objects = {

/* Begin PBXBuildFile section */
		1D3CEEEDA5DE43639F4F3AE4 /* libPods.a in Frameworks */ = {isa = PBXBuildFile; fileRef = 0E968A364B6B4328B78F1ABC /* libPods.a */; };
		7FD286C41B27CD2700176CCC /* AddressBook.framework in Frameworks */ = {isa = PBXBuildFile; fileRef = 7FD286C31B27CD2700176CCC /* AddressBook.framework */; };
		7FD286C61B27CDA100176CCC /* ImageIO.framework in Frameworks */ = {isa = PBXBuildFile; fileRef = 7FD286C51B27CDA100176CCC /* ImageIO.framework */; };
		7FD286C81B27CDC000176CCC /* Social.framework in Frameworks */ = {isa = PBXBuildFile; fileRef = 7FD286C71B27CDC000176CCC /* Social.framework */; };
		7FD286CA1B27CDC700176CCC /* Accounts.framework in Frameworks */ = {isa = PBXBuildFile; fileRef = 7FD286C91B27CDC700176CCC /* Accounts.framework */; };
		7FF998731C603A0700EFC6BE /* SettingsViewController.m in Sources */ = {isa = PBXBuildFile; fileRef = 7FF998721C603A0700EFC6BE /* SettingsViewController.m */; };
		7FF998751C603A2000EFC6BE /* SettingsViewController.xib in Resources */ = {isa = PBXBuildFile; fileRef = 7FF998741C603A2000EFC6BE /* SettingsViewController.xib */; };
		7FF998EE1C6049B900EFC6BE /* ShareSDK.framework in Frameworks */ = {isa = PBXBuildFile; fileRef = 7FF998CF1C6049B900EFC6BE /* ShareSDK.framework */; };
		7FF998EF1C6049B900EFC6BE /* ShareSDKExtension.framework in Frameworks */ = {isa = PBXBuildFile; fileRef = 7FF998D21C6049B900EFC6BE /* ShareSDKExtension.framework */; };
		7FF998F01C6049B900EFC6BE /* ShareSDKUI.bundle in Resources */ = {isa = PBXBuildFile; fileRef = 7FF998D31C6049B900EFC6BE /* ShareSDKUI.bundle */; };
		7FF998F11C6049B900EFC6BE /* ShareSDKUI.framework in Frameworks */ = {isa = PBXBuildFile; fileRef = 7FF998D41C6049B900EFC6BE /* ShareSDKUI.framework */; };
		7FF998F21C6049B900EFC6BE /* libWeiboSDK.a in Frameworks */ = {isa = PBXBuildFile; fileRef = 7FF998D71C6049B900EFC6BE /* libWeiboSDK.a */; };
		7FF998F31C6049B900EFC6BE /* WeiboSDK.bundle in Resources */ = {isa = PBXBuildFile; fileRef = 7FF998E11C6049B900EFC6BE /* WeiboSDK.bundle */; };
		7FF998F41C6049B900EFC6BE /* libWeChatSDK.a in Frameworks */ = {isa = PBXBuildFile; fileRef = 7FF998E51C6049B900EFC6BE /* libWeChatSDK.a */; };
		7FF998F51C6049B900EFC6BE /* read_me.txt in Resources */ = {isa = PBXBuildFile; fileRef = 7FF998E61C6049B900EFC6BE /* read_me.txt */; };
		7FF998F61C6049B900EFC6BE /* MOBFoundation.framework in Frameworks */ = {isa = PBXBuildFile; fileRef = 7FF998EB1C6049B900EFC6BE /* MOBFoundation.framework */; };
		7FF998F71C6049B900EFC6BE /* ShareSDK.bundle in Resources */ = {isa = PBXBuildFile; fileRef = 7FF998EC1C6049B900EFC6BE /* ShareSDK.bundle */; };
		7FF998F81C6049B900EFC6BE /* ShareSDKConnector.framework in Frameworks */ = {isa = PBXBuildFile; fileRef = 7FF998ED1C6049B900EFC6BE /* ShareSDKConnector.framework */; };
		7FF998FA1C604A3900EFC6BE /* libicucore.tbd in Frameworks */ = {isa = PBXBuildFile; fileRef = 7FF998F91C604A3900EFC6BE /* libicucore.tbd */; };
		7FF998FC1C604A4500EFC6BE /* libz.tbd in Frameworks */ = {isa = PBXBuildFile; fileRef = 7FF998FB1C604A4500EFC6BE /* libz.tbd */; };
		7FF998FE1C604A4F00EFC6BE /* libstdc++.tbd in Frameworks */ = {isa = PBXBuildFile; fileRef = 7FF998FD1C604A4F00EFC6BE /* libstdc++.tbd */; };
		7FF999001C604A5B00EFC6BE /* JavaScriptCore.framework in Frameworks */ = {isa = PBXBuildFile; fileRef = 7FF998FF1C604A5B00EFC6BE /* JavaScriptCore.framework */; };
		7FF999021C604CD300EFC6BE /* AdSupport.framework in Frameworks */ = {isa = PBXBuildFile; fileRef = 7FF999011C604CD300EFC6BE /* AdSupport.framework */; };
		7FF999041C604CDC00EFC6BE /* libsqlite3.tbd in Frameworks */ = {isa = PBXBuildFile; fileRef = 7FF999031C604CDC00EFC6BE /* libsqlite3.tbd */; };
		821CBE9218E40B2F003E0F90 /* Foundation.framework in Frameworks */ = {isa = PBXBuildFile; fileRef = 821CBE9118E40B2F003E0F90 /* Foundation.framework */; };
		821CBE9418E40B2F003E0F90 /* CoreGraphics.framework in Frameworks */ = {isa = PBXBuildFile; fileRef = 821CBE9318E40B2F003E0F90 /* CoreGraphics.framework */; };
		821CBE9618E40B2F003E0F90 /* UIKit.framework in Frameworks */ = {isa = PBXBuildFile; fileRef = 821CBE9518E40B2F003E0F90 /* UIKit.framework */; };
		821CBE9C18E40B2F003E0F90 /* InfoPlist.strings in Resources */ = {isa = PBXBuildFile; fileRef = 821CBE9A18E40B2F003E0F90 /* InfoPlist.strings */; };
		821CBE9E18E40B2F003E0F90 /* main.m in Sources */ = {isa = PBXBuildFile; fileRef = 821CBE9D18E40B2F003E0F90 /* main.m */; };
		821CBEA218E40B2F003E0F90 /* AppDelegate.m in Sources */ = {isa = PBXBuildFile; fileRef = 821CBEA118E40B2F003E0F90 /* AppDelegate.m */; };
		821CBEA818E40B2F003E0F90 /* ViewController.m in Sources */ = {isa = PBXBuildFile; fileRef = 821CBEA718E40B2F003E0F90 /* ViewController.m */; };
		821CBEAA18E40B2F003E0F90 /* Images.xcassets in Resources */ = {isa = PBXBuildFile; fileRef = 821CBEA918E40B2F003E0F90 /* Images.xcassets */; };
		821CBEB118E40B2F003E0F90 /* XCTest.framework in Frameworks */ = {isa = PBXBuildFile; fileRef = 821CBEB018E40B2F003E0F90 /* XCTest.framework */; };
		821CBEB218E40B2F003E0F90 /* Foundation.framework in Frameworks */ = {isa = PBXBuildFile; fileRef = 821CBE9118E40B2F003E0F90 /* Foundation.framework */; };
		821CBEB318E40B2F003E0F90 /* UIKit.framework in Frameworks */ = {isa = PBXBuildFile; fileRef = 821CBE9518E40B2F003E0F90 /* UIKit.framework */; };
		821CBEBB18E40B2F003E0F90 /* InfoPlist.strings in Resources */ = {isa = PBXBuildFile; fileRef = 821CBEB918E40B2F003E0F90 /* InfoPlist.strings */; };
		821CBEBD18E40B2F003E0F90 /* KevinExampleTests.m in Sources */ = {isa = PBXBuildFile; fileRef = 821CBEBC18E40B2F003E0F90 /* KevinExampleTests.m */; };
		821CBEC818E418B6003E0F90 /* ViewController.xib in Resources */ = {isa = PBXBuildFile; fileRef = 821CBEC718E418B6003E0F90 /* ViewController.xib */; };
		821CBFF018E41CFF003E0F90 /* SystemConfiguration.framework in Frameworks */ = {isa = PBXBuildFile; fileRef = 821CBFEF18E41CFF003E0F90 /* SystemConfiguration.framework */; };
		821CBFF218E41D08003E0F90 /* QuartzCore.framework in Frameworks */ = {isa = PBXBuildFile; fileRef = 821CBFF118E41D08003E0F90 /* QuartzCore.framework */; };
		821CBFF418E41D11003E0F90 /* CoreTelephony.framework in Frameworks */ = {isa = PBXBuildFile; fileRef = 821CBFF318E41D11003E0F90 /* CoreTelephony.framework */; };
		821CBFF618E41D1B003E0F90 /* libicucore.dylib in Frameworks */ = {isa = PBXBuildFile; fileRef = 821CBFF518E41D1B003E0F90 /* libicucore.dylib */; };
		821CBFF818E41D22003E0F90 /* libz.1.2.5.dylib in Frameworks */ = {isa = PBXBuildFile; fileRef = 821CBFF718E41D22003E0F90 /* libz.1.2.5.dylib */; };
		821CBFFA18E42400003E0F90 /* CoreMotion.framework in Frameworks */ = {isa = PBXBuildFile; fileRef = 821CBFF918E42400003E0F90 /* CoreMotion.framework */; };
		821CBFFC18E42408003E0F90 /* CoreLocation.framework in Frameworks */ = {isa = PBXBuildFile; fileRef = 821CBFFB18E42408003E0F90 /* CoreLocation.framework */; };
		821CBFFE18E42410003E0F90 /* MediaPlayer.framework in Frameworks */ = {isa = PBXBuildFile; fileRef = 821CBFFD18E42410003E0F90 /* MediaPlayer.framework */; };
		821CC00018E42416003E0F90 /* CoreText.framework in Frameworks */ = {isa = PBXBuildFile; fileRef = 821CBFFF18E42416003E0F90 /* CoreText.framework */; };
		821CC00218E42427003E0F90 /* AssetsLibrary.framework in Frameworks */ = {isa = PBXBuildFile; fileRef = 821CC00118E42427003E0F90 /* AssetsLibrary.framework */; };
		821CC00418E4242E003E0F90 /* Security.framework in Frameworks */ = {isa = PBXBuildFile; fileRef = 821CC00318E4242E003E0F90 /* Security.framework */; };
		821CC00618E4243B003E0F90 /* libstdc++.dylib in Frameworks */ = {isa = PBXBuildFile; fileRef = 821CC00518E4243B003E0F90 /* libstdc++.dylib */; };
		821CC00818E42443003E0F90 /* libsqlite3.dylib in Frameworks */ = {isa = PBXBuildFile; fileRef = 821CC00718E42443003E0F90 /* libsqlite3.dylib */; };
		821CC00A18E42452003E0F90 /* MessageUI.framework in Frameworks */ = {isa = PBXBuildFile; fileRef = 821CC00918E42452003E0F90 /* MessageUI.framework */; };
		82D247CF18E5259300D7E361 /* AVFoundation.framework in Frameworks */ = {isa = PBXBuildFile; fileRef = 82D247CE18E5259300D7E361 /* AVFoundation.framework */; };
		82DD06C918F4DF6300A9861F /* HzLabel.m in Sources */ = {isa = PBXBuildFile; fileRef = 82DD06C818F4DF6300A9861F /* HzLabel.m */; settings = {COMPILER_FLAGS = "-fno-objc-arc"; }; };
		82DD06CC18F4E27600A9861F /* HzTagLabel.m in Sources */ = {isa = PBXBuildFile; fileRef = 82DD06CB18F4E27600A9861F /* HzTagLabel.m */; settings = {COMPILER_FLAGS = "-fno-objc-arc"; }; };
/* End PBXBuildFile section */

/* Begin PBXContainerItemProxy section */
		821CBEB418E40B2F003E0F90 /* PBXContainerItemProxy */ = {
			isa = PBXContainerItemProxy;
			containerPortal = 821CBE8618E40B2F003E0F90 /* Project object */;
			proxyType = 1;
			remoteGlobalIDString = 821CBE8D18E40B2F003E0F90;
			remoteInfo = KevinExample;
		};
/* End PBXContainerItemProxy section */

/* Begin PBXFileReference section */
		0E968A364B6B4328B78F1ABC /* libPods.a */ = {isa = PBXFileReference; explicitFileType = archive.ar; includeInIndex = 0; path = libPods.a; sourceTree = BUILT_PRODUCTS_DIR; };
		7FD286C31B27CD2700176CCC /* AddressBook.framework */ = {isa = PBXFileReference; lastKnownFileType = wrapper.framework; name = AddressBook.framework; path = System/Library/Frameworks/AddressBook.framework; sourceTree = SDKROOT; };
		7FD286C51B27CDA100176CCC /* ImageIO.framework */ = {isa = PBXFileReference; lastKnownFileType = wrapper.framework; name = ImageIO.framework; path = System/Library/Frameworks/ImageIO.framework; sourceTree = SDKROOT; };
		7FD286C71B27CDC000176CCC /* Social.framework */ = {isa = PBXFileReference; lastKnownFileType = wrapper.framework; name = Social.framework; path = System/Library/Frameworks/Social.framework; sourceTree = SDKROOT; };
		7FD286C91B27CDC700176CCC /* Accounts.framework */ = {isa = PBXFileReference; lastKnownFileType = wrapper.framework; name = Accounts.framework; path = System/Library/Frameworks/Accounts.framework; sourceTree = SDKROOT; };
		7FF998711C603A0700EFC6BE /* SettingsViewController.h */ = {isa = PBXFileReference; fileEncoding = 4; lastKnownFileType = sourcecode.c.h; path = SettingsViewController.h; sourceTree = "<group>"; };
		7FF998721C603A0700EFC6BE /* SettingsViewController.m */ = {isa = PBXFileReference; fileEncoding = 4; lastKnownFileType = sourcecode.c.objc; path = SettingsViewController.m; sourceTree = "<group>"; };
		7FF998741C603A2000EFC6BE /* SettingsViewController.xib */ = {isa = PBXFileReference; fileEncoding = 4; lastKnownFileType = file.xib; path = SettingsViewController.xib; sourceTree = "<group>"; };
		7FF998CF1C6049B900EFC6BE /* ShareSDK.framework */ = {isa = PBXFileReference; lastKnownFileType = wrapper.framework; path = ShareSDK.framework; sourceTree = "<group>"; };
		7FF998D21C6049B900EFC6BE /* ShareSDKExtension.framework */ = {isa = PBXFileReference; lastKnownFileType = wrapper.framework; path = ShareSDKExtension.framework; sourceTree = "<group>"; };
		7FF998D31C6049B900EFC6BE /* ShareSDKUI.bundle */ = {isa = PBXFileReference; lastKnownFileType = "wrapper.plug-in"; path = ShareSDKUI.bundle; sourceTree = "<group>"; };
		7FF998D41C6049B900EFC6BE /* ShareSDKUI.framework */ = {isa = PBXFileReference; lastKnownFileType = wrapper.framework; path = ShareSDKUI.framework; sourceTree = "<group>"; };
		7FF998D71C6049B900EFC6BE /* libWeiboSDK.a */ = {isa = PBXFileReference; lastKnownFileType = archive.ar; path = libWeiboSDK.a; sourceTree = "<group>"; };
		7FF998D81C6049B900EFC6BE /* WBHttpRequest+WeiboGame.h */ = {isa = PBXFileReference; fileEncoding = 4; lastKnownFileType = sourcecode.c.h; path = "WBHttpRequest+WeiboGame.h"; sourceTree = "<group>"; };
		7FF998D91C6049B900EFC6BE /* WBHttpRequest+WeiboShare.h */ = {isa = PBXFileReference; fileEncoding = 4; lastKnownFileType = sourcecode.c.h; path = "WBHttpRequest+WeiboShare.h"; sourceTree = "<group>"; };
		7FF998DA1C6049B900EFC6BE /* WBHttpRequest+WeiboToken.h */ = {isa = PBXFileReference; fileEncoding = 4; lastKnownFileType = sourcecode.c.h; path = "WBHttpRequest+WeiboToken.h"; sourceTree = "<group>"; };
		7FF998DB1C6049B900EFC6BE /* WBHttpRequest+WeiboUser.h */ = {isa = PBXFileReference; fileEncoding = 4; lastKnownFileType = sourcecode.c.h; path = "WBHttpRequest+WeiboUser.h"; sourceTree = "<group>"; };
		7FF998DC1C6049B900EFC6BE /* WBHttpRequest.h */ = {isa = PBXFileReference; fileEncoding = 4; lastKnownFileType = sourcecode.c.h; path = WBHttpRequest.h; sourceTree = "<group>"; };
		7FF998DD1C6049B900EFC6BE /* WBSDKBasicButton.h */ = {isa = PBXFileReference; fileEncoding = 4; lastKnownFileType = sourcecode.c.h; path = WBSDKBasicButton.h; sourceTree = "<group>"; };
		7FF998DE1C6049B900EFC6BE /* WBSDKCommentButton.h */ = {isa = PBXFileReference; fileEncoding = 4; lastKnownFileType = sourcecode.c.h; path = WBSDKCommentButton.h; sourceTree = "<group>"; };
		7FF998DF1C6049B900EFC6BE /* WBSDKRelationshipButton.h */ = {isa = PBXFileReference; fileEncoding = 4; lastKnownFileType = sourcecode.c.h; path = WBSDKRelationshipButton.h; sourceTree = "<group>"; };
		7FF998E01C6049B900EFC6BE /* WeiboSDK+Statistics.h */ = {isa = PBXFileReference; fileEncoding = 4; lastKnownFileType = sourcecode.c.h; path = "WeiboSDK+Statistics.h"; sourceTree = "<group>"; };
		7FF998E11C6049B900EFC6BE /* WeiboSDK.bundle */ = {isa = PBXFileReference; lastKnownFileType = "wrapper.plug-in"; path = WeiboSDK.bundle; sourceTree = "<group>"; };
		7FF998E21C6049B900EFC6BE /* WeiboSDK.h */ = {isa = PBXFileReference; fileEncoding = 4; lastKnownFileType = sourcecode.c.h; path = WeiboSDK.h; sourceTree = "<group>"; };
		7FF998E31C6049B900EFC6BE /* WeiboUser.h */ = {isa = PBXFileReference; fileEncoding = 4; lastKnownFileType = sourcecode.c.h; path = WeiboUser.h; sourceTree = "<group>"; };
		7FF998E51C6049B900EFC6BE /* libWeChatSDK.a */ = {isa = PBXFileReference; lastKnownFileType = archive.ar; path = libWeChatSDK.a; sourceTree = "<group>"; };
		7FF998E61C6049B900EFC6BE /* read_me.txt */ = {isa = PBXFileReference; fileEncoding = 4; lastKnownFileType = text; path = read_me.txt; sourceTree = "<group>"; };
		7FF998E71C6049B900EFC6BE /* WechatAuthSDK.h */ = {isa = PBXFileReference; fileEncoding = 4; lastKnownFileType = sourcecode.c.h; path = WechatAuthSDK.h; sourceTree = "<group>"; };
		7FF998E81C6049B900EFC6BE /* WXApi.h */ = {isa = PBXFileReference; fileEncoding = 4; lastKnownFileType = sourcecode.c.h; path = WXApi.h; sourceTree = "<group>"; };
		7FF998E91C6049B900EFC6BE /* WXApiObject.h */ = {isa = PBXFileReference; fileEncoding = 4; lastKnownFileType = sourcecode.c.h; path = WXApiObject.h; sourceTree = "<group>"; };
		7FF998EB1C6049B900EFC6BE /* MOBFoundation.framework */ = {isa = PBXFileReference; lastKnownFileType = wrapper.framework; path = MOBFoundation.framework; sourceTree = "<group>"; };
		7FF998EC1C6049B900EFC6BE /* ShareSDK.bundle */ = {isa = PBXFileReference; lastKnownFileType = "wrapper.plug-in"; path = ShareSDK.bundle; sourceTree = "<group>"; };
		7FF998ED1C6049B900EFC6BE /* ShareSDKConnector.framework */ = {isa = PBXFileReference; lastKnownFileType = wrapper.framework; path = ShareSDKConnector.framework; sourceTree = "<group>"; };
		7FF998F91C604A3900EFC6BE /* libicucore.tbd */ = {isa = PBXFileReference; lastKnownFileType = "sourcecode.text-based-dylib-definition"; name = libicucore.tbd; path = usr/lib/libicucore.tbd; sourceTree = SDKROOT; };
		7FF998FB1C604A4500EFC6BE /* libz.tbd */ = {isa = PBXFileReference; lastKnownFileType = "sourcecode.text-based-dylib-definition"; name = libz.tbd; path = usr/lib/libz.tbd; sourceTree = SDKROOT; };
		7FF998FD1C604A4F00EFC6BE /* libstdc++.tbd */ = {isa = PBXFileReference; lastKnownFileType = "sourcecode.text-based-dylib-definition"; name = "libstdc++.tbd"; path = "usr/lib/libstdc++.tbd"; sourceTree = SDKROOT; };
		7FF998FF1C604A5B00EFC6BE /* JavaScriptCore.framework */ = {isa = PBXFileReference; lastKnownFileType = wrapper.framework; name = JavaScriptCore.framework; path = System/Library/PrivateFrameworks/JavaScriptCore.framework; sourceTree = SDKROOT; };
		7FF999011C604CD300EFC6BE /* AdSupport.framework */ = {isa = PBXFileReference; lastKnownFileType = wrapper.framework; name = AdSupport.framework; path = System/Library/Frameworks/AdSupport.framework; sourceTree = SDKROOT; };
		7FF999031C604CDC00EFC6BE /* libsqlite3.tbd */ = {isa = PBXFileReference; lastKnownFileType = "sourcecode.text-based-dylib-definition"; name = libsqlite3.tbd; path = usr/lib/libsqlite3.tbd; sourceTree = SDKROOT; };
		821CBE8E18E40B2F003E0F90 /* 马航失事.app */ = {isa = PBXFileReference; explicitFileType = wrapper.application; includeInIndex = 0; path = "马航失事.app"; sourceTree = BUILT_PRODUCTS_DIR; };
		821CBE9118E40B2F003E0F90 /* Foundation.framework */ = {isa = PBXFileReference; lastKnownFileType = wrapper.framework; name = Foundation.framework; path = System/Library/Frameworks/Foundation.framework; sourceTree = SDKROOT; };
		821CBE9318E40B2F003E0F90 /* CoreGraphics.framework */ = {isa = PBXFileReference; lastKnownFileType = wrapper.framework; name = CoreGraphics.framework; path = System/Library/Frameworks/CoreGraphics.framework; sourceTree = SDKROOT; };
		821CBE9518E40B2F003E0F90 /* UIKit.framework */ = {isa = PBXFileReference; lastKnownFileType = wrapper.framework; name = UIKit.framework; path = System/Library/Frameworks/UIKit.framework; sourceTree = SDKROOT; };
		821CBE9918E40B2F003E0F90 /* KevinExample-Info.plist */ = {isa = PBXFileReference; lastKnownFileType = text.plist.xml; path = "KevinExample-Info.plist"; sourceTree = "<group>"; };
		821CBE9B18E40B2F003E0F90 /* en */ = {isa = PBXFileReference; lastKnownFileType = text.plist.strings; name = en; path = en.lproj/InfoPlist.strings; sourceTree = "<group>"; };
		821CBE9D18E40B2F003E0F90 /* main.m */ = {isa = PBXFileReference; lastKnownFileType = sourcecode.c.objc; path = main.m; sourceTree = "<group>"; };
		821CBE9F18E40B2F003E0F90 /* KevinExample-Prefix.pch */ = {isa = PBXFileReference; lastKnownFileType = sourcecode.c.h; path = "KevinExample-Prefix.pch"; sourceTree = "<group>"; };
		821CBEA018E40B2F003E0F90 /* AppDelegate.h */ = {isa = PBXFileReference; lastKnownFileType = sourcecode.c.h; path = AppDelegate.h; sourceTree = "<group>"; };
		821CBEA118E40B2F003E0F90 /* AppDelegate.m */ = {isa = PBXFileReference; lastKnownFileType = sourcecode.c.objc; path = AppDelegate.m; sourceTree = "<group>"; };
		821CBEA618E40B2F003E0F90 /* ViewController.h */ = {isa = PBXFileReference; lastKnownFileType = sourcecode.c.h; path = ViewController.h; sourceTree = "<group>"; };
		821CBEA718E40B2F003E0F90 /* ViewController.m */ = {isa = PBXFileReference; lastKnownFileType = sourcecode.c.objc; path = ViewController.m; sourceTree = "<group>"; };
		821CBEA918E40B2F003E0F90 /* Images.xcassets */ = {isa = PBXFileReference; lastKnownFileType = folder.assetcatalog; path = Images.xcassets; sourceTree = "<group>"; };
		821CBEAF18E40B2F003E0F90 /* KevinExampleTests.xctest */ = {isa = PBXFileReference; explicitFileType = wrapper.cfbundle; includeInIndex = 0; path = KevinExampleTests.xctest; sourceTree = BUILT_PRODUCTS_DIR; };
		821CBEB018E40B2F003E0F90 /* XCTest.framework */ = {isa = PBXFileReference; lastKnownFileType = wrapper.framework; name = XCTest.framework; path = Library/Frameworks/XCTest.framework; sourceTree = DEVELOPER_DIR; };
		821CBEB818E40B2F003E0F90 /* KevinExampleTests-Info.plist */ = {isa = PBXFileReference; lastKnownFileType = text.plist.xml; path = "KevinExampleTests-Info.plist"; sourceTree = "<group>"; };
		821CBEBA18E40B2F003E0F90 /* en */ = {isa = PBXFileReference; lastKnownFileType = text.plist.strings; name = en; path = en.lproj/InfoPlist.strings; sourceTree = "<group>"; };
		821CBEBC18E40B2F003E0F90 /* KevinExampleTests.m */ = {isa = PBXFileReference; lastKnownFileType = sourcecode.c.objc; path = KevinExampleTests.m; sourceTree = "<group>"; };
		821CBEC718E418B6003E0F90 /* ViewController.xib */ = {isa = PBXFileReference; fileEncoding = 4; lastKnownFileType = file.xib; path = ViewController.xib; sourceTree = "<group>"; };
		821CBEC918E41AC2003E0F90 /* Constants.h */ = {isa = PBXFileReference; fileEncoding = 4; lastKnownFileType = sourcecode.c.h; path = Constants.h; sourceTree = "<group>"; };
		821CBFEF18E41CFF003E0F90 /* SystemConfiguration.framework */ = {isa = PBXFileReference; lastKnownFileType = wrapper.framework; name = SystemConfiguration.framework; path = System/Library/Frameworks/SystemConfiguration.framework; sourceTree = SDKROOT; };
		821CBFF118E41D08003E0F90 /* QuartzCore.framework */ = {isa = PBXFileReference; lastKnownFileType = wrapper.framework; name = QuartzCore.framework; path = System/Library/Frameworks/QuartzCore.framework; sourceTree = SDKROOT; };
		821CBFF318E41D11003E0F90 /* CoreTelephony.framework */ = {isa = PBXFileReference; lastKnownFileType = wrapper.framework; name = CoreTelephony.framework; path = System/Library/Frameworks/CoreTelephony.framework; sourceTree = SDKROOT; };
		821CBFF518E41D1B003E0F90 /* libicucore.dylib */ = {isa = PBXFileReference; lastKnownFileType = "compiled.mach-o.dylib"; name = libicucore.dylib; path = usr/lib/libicucore.dylib; sourceTree = SDKROOT; };
		821CBFF718E41D22003E0F90 /* libz.1.2.5.dylib */ = {isa = PBXFileReference; lastKnownFileType = "compiled.mach-o.dylib"; name = libz.1.2.5.dylib; path = usr/lib/libz.1.2.5.dylib; sourceTree = SDKROOT; };
		821CBFF918E42400003E0F90 /* CoreMotion.framework */ = {isa = PBXFileReference; lastKnownFileType = wrapper.framework; name = CoreMotion.framework; path = System/Library/Frameworks/CoreMotion.framework; sourceTree = SDKROOT; };
		821CBFFB18E42408003E0F90 /* CoreLocation.framework */ = {isa = PBXFileReference; lastKnownFileType = wrapper.framework; name = CoreLocation.framework; path = System/Library/Frameworks/CoreLocation.framework; sourceTree = SDKROOT; };
		821CBFFD18E42410003E0F90 /* MediaPlayer.framework */ = {isa = PBXFileReference; lastKnownFileType = wrapper.framework; name = MediaPlayer.framework; path = System/Library/Frameworks/MediaPlayer.framework; sourceTree = SDKROOT; };
		821CBFFF18E42416003E0F90 /* CoreText.framework */ = {isa = PBXFileReference; lastKnownFileType = wrapper.framework; name = CoreText.framework; path = System/Library/Frameworks/CoreText.framework; sourceTree = SDKROOT; };
		821CC00118E42427003E0F90 /* AssetsLibrary.framework */ = {isa = PBXFileReference; lastKnownFileType = wrapper.framework; name = AssetsLibrary.framework; path = System/Library/Frameworks/AssetsLibrary.framework; sourceTree = SDKROOT; };
		821CC00318E4242E003E0F90 /* Security.framework */ = {isa = PBXFileReference; lastKnownFileType = wrapper.framework; name = Security.framework; path = System/Library/Frameworks/Security.framework; sourceTree = SDKROOT; };
		821CC00518E4243B003E0F90 /* libstdc++.dylib */ = {isa = PBXFileReference; lastKnownFileType = "compiled.mach-o.dylib"; name = "libstdc++.dylib"; path = "usr/lib/libstdc++.dylib"; sourceTree = SDKROOT; };
		821CC00718E42443003E0F90 /* libsqlite3.dylib */ = {isa = PBXFileReference; lastKnownFileType = "compiled.mach-o.dylib"; name = libsqlite3.dylib; path = usr/lib/libsqlite3.dylib; sourceTree = SDKROOT; };
		821CC00918E42452003E0F90 /* MessageUI.framework */ = {isa = PBXFileReference; lastKnownFileType = wrapper.framework; name = MessageUI.framework; path = System/Library/Frameworks/MessageUI.framework; sourceTree = SDKROOT; };
		82D247CE18E5259300D7E361 /* AVFoundation.framework */ = {isa = PBXFileReference; lastKnownFileType = wrapper.framework; name = AVFoundation.framework; path = System/Library/Frameworks/AVFoundation.framework; sourceTree = SDKROOT; };
		82DD06C718F4DF6300A9861F /* HzLabel.h */ = {isa = PBXFileReference; fileEncoding = 4; lastKnownFileType = sourcecode.c.h; path = HzLabel.h; sourceTree = "<group>"; };
		82DD06C818F4DF6300A9861F /* HzLabel.m */ = {isa = PBXFileReference; fileEncoding = 4; lastKnownFileType = sourcecode.c.objc; path = HzLabel.m; sourceTree = "<group>"; };
		82DD06CA18F4E27600A9861F /* HzTagLabel.h */ = {isa = PBXFileReference; fileEncoding = 4; lastKnownFileType = sourcecode.c.h; path = HzTagLabel.h; sourceTree = "<group>"; };
		82DD06CB18F4E27600A9861F /* HzTagLabel.m */ = {isa = PBXFileReference; fileEncoding = 4; lastKnownFileType = sourcecode.c.objc; path = HzTagLabel.m; sourceTree = "<group>"; };
		A1E6F7BF91B84E56890C2F85 /* Pods.xcconfig */ = {isa = PBXFileReference; includeInIndex = 1; lastKnownFileType = text.xcconfig; name = Pods.xcconfig; path = Pods/Pods.xcconfig; sourceTree = "<group>"; };
/* End PBXFileReference section */

/* Begin PBXFrameworksBuildPhase section */
		821CBE8B18E40B2F003E0F90 /* Frameworks */ = {
			isa = PBXFrameworksBuildPhase;
			buildActionMask = 2147483647;
			files = (
				7FF999041C604CDC00EFC6BE /* libsqlite3.tbd in Frameworks */,
				7FF999021C604CD300EFC6BE /* AdSupport.framework in Frameworks */,
				7FF999001C604A5B00EFC6BE /* JavaScriptCore.framework in Frameworks */,
				7FF998FE1C604A4F00EFC6BE /* libstdc++.tbd in Frameworks */,
				7FF998FC1C604A4500EFC6BE /* libz.tbd in Frameworks */,
				7FF998FA1C604A3900EFC6BE /* libicucore.tbd in Frameworks */,
				7FD286CA1B27CDC700176CCC /* Accounts.framework in Frameworks */,
				7FD286C81B27CDC000176CCC /* Social.framework in Frameworks */,
				7FD286C61B27CDA100176CCC /* ImageIO.framework in Frameworks */,
				7FF998EE1C6049B900EFC6BE /* ShareSDK.framework in Frameworks */,
				821CC00418E4242E003E0F90 /* Security.framework in Frameworks */,
				821CBFF618E41D1B003E0F90 /* libicucore.dylib in Frameworks */,
				821CBFF418E41D11003E0F90 /* CoreTelephony.framework in Frameworks */,
				7FF998F81C6049B900EFC6BE /* ShareSDKConnector.framework in Frameworks */,
				821CBFF218E41D08003E0F90 /* QuartzCore.framework in Frameworks */,
				821CBFF018E41CFF003E0F90 /* SystemConfiguration.framework in Frameworks */,
				7FF998F11C6049B900EFC6BE /* ShareSDKUI.framework in Frameworks */,
				7FD286C41B27CD2700176CCC /* AddressBook.framework in Frameworks */,
				821CBFFC18E42408003E0F90 /* CoreLocation.framework in Frameworks */,
				7FF998F61C6049B900EFC6BE /* MOBFoundation.framework in Frameworks */,
				82D247CF18E5259300D7E361 /* AVFoundation.framework in Frameworks */,
				7FF998F21C6049B900EFC6BE /* libWeiboSDK.a in Frameworks */,
				7FF998F41C6049B900EFC6BE /* libWeChatSDK.a in Frameworks */,
				7FF998EF1C6049B900EFC6BE /* ShareSDKExtension.framework in Frameworks */,
				821CC00A18E42452003E0F90 /* MessageUI.framework in Frameworks */,
				821CC00818E42443003E0F90 /* libsqlite3.dylib in Frameworks */,
				821CC00618E4243B003E0F90 /* libstdc++.dylib in Frameworks */,
				821CC00218E42427003E0F90 /* AssetsLibrary.framework in Frameworks */,
				821CC00018E42416003E0F90 /* CoreText.framework in Frameworks */,
				821CBFFE18E42410003E0F90 /* MediaPlayer.framework in Frameworks */,
				821CBFFA18E42400003E0F90 /* CoreMotion.framework in Frameworks */,
				821CBFF818E41D22003E0F90 /* libz.1.2.5.dylib in Frameworks */,
				821CBE9418E40B2F003E0F90 /* CoreGraphics.framework in Frameworks */,
				821CBE9618E40B2F003E0F90 /* UIKit.framework in Frameworks */,
				821CBE9218E40B2F003E0F90 /* Foundation.framework in Frameworks */,
				1D3CEEEDA5DE43639F4F3AE4 /* libPods.a in Frameworks */,
			);
			runOnlyForDeploymentPostprocessing = 0;
		};
		821CBEAC18E40B2F003E0F90 /* Frameworks */ = {
			isa = PBXFrameworksBuildPhase;
			buildActionMask = 2147483647;
			files = (
				821CBEB118E40B2F003E0F90 /* XCTest.framework in Frameworks */,
				821CBEB318E40B2F003E0F90 /* UIKit.framework in Frameworks */,
				821CBEB218E40B2F003E0F90 /* Foundation.framework in Frameworks */,
			);
			runOnlyForDeploymentPostprocessing = 0;
		};
/* End PBXFrameworksBuildPhase section */

/* Begin PBXGroup section */
		7FF998CE1C6049B900EFC6BE /* ShareSDK_v3.2.0 */ = {
			isa = PBXGroup;
			children = (
				7FF998CF1C6049B900EFC6BE /* ShareSDK.framework */,
				7FF998D01C6049B900EFC6BE /* Support */,
			);
			name = ShareSDK_v3.2.0;
			path = ShareSDK;
			sourceTree = "<group>";
		};
		7FF998D01C6049B900EFC6BE /* Support */ = {
			isa = PBXGroup;
			children = (
				7FF998D11C6049B900EFC6BE /* Optional */,
				7FF998D51C6049B900EFC6BE /* PlatformSDK */,
				7FF998EA1C6049B900EFC6BE /* Required */,
			);
			path = Support;
			sourceTree = "<group>";
		};
		7FF998D11C6049B900EFC6BE /* Optional */ = {
			isa = PBXGroup;
			children = (
				7FF998D21C6049B900EFC6BE /* ShareSDKExtension.framework */,
				7FF998D31C6049B900EFC6BE /* ShareSDKUI.bundle */,
				7FF998D41C6049B900EFC6BE /* ShareSDKUI.framework */,
			);
			path = Optional;
			sourceTree = "<group>";
		};
		7FF998D51C6049B900EFC6BE /* PlatformSDK */ = {
			isa = PBXGroup;
			children = (
				7FF998D61C6049B900EFC6BE /* SinaWeiboSDK */,
				7FF998E41C6049B900EFC6BE /* WeChatSDK */,
			);
			path = PlatformSDK;
			sourceTree = "<group>";
		};
		7FF998D61C6049B900EFC6BE /* SinaWeiboSDK */ = {
			isa = PBXGroup;
			children = (
				7FF998D71C6049B900EFC6BE /* libWeiboSDK.a */,
				7FF998D81C6049B900EFC6BE /* WBHttpRequest+WeiboGame.h */,
				7FF998D91C6049B900EFC6BE /* WBHttpRequest+WeiboShare.h */,
				7FF998DA1C6049B900EFC6BE /* WBHttpRequest+WeiboToken.h */,
				7FF998DB1C6049B900EFC6BE /* WBHttpRequest+WeiboUser.h */,
				7FF998DC1C6049B900EFC6BE /* WBHttpRequest.h */,
				7FF998DD1C6049B900EFC6BE /* WBSDKBasicButton.h */,
				7FF998DE1C6049B900EFC6BE /* WBSDKCommentButton.h */,
				7FF998DF1C6049B900EFC6BE /* WBSDKRelationshipButton.h */,
				7FF998E01C6049B900EFC6BE /* WeiboSDK+Statistics.h */,
				7FF998E11C6049B900EFC6BE /* WeiboSDK.bundle */,
				7FF998E21C6049B900EFC6BE /* WeiboSDK.h */,
				7FF998E31C6049B900EFC6BE /* WeiboUser.h */,
			);
			path = SinaWeiboSDK;
			sourceTree = "<group>";
		};
		7FF998E41C6049B900EFC6BE /* WeChatSDK */ = {
			isa = PBXGroup;
			children = (
				7FF998E51C6049B900EFC6BE /* libWeChatSDK.a */,
				7FF998E61C6049B900EFC6BE /* read_me.txt */,
				7FF998E71C6049B900EFC6BE /* WechatAuthSDK.h */,
				7FF998E81C6049B900EFC6BE /* WXApi.h */,
				7FF998E91C6049B900EFC6BE /* WXApiObject.h */,
			);
			path = WeChatSDK;
			sourceTree = "<group>";
		};
		7FF998EA1C6049B900EFC6BE /* Required */ = {
			isa = PBXGroup;
			children = (
				7FF998EB1C6049B900EFC6BE /* MOBFoundation.framework */,
				7FF998EC1C6049B900EFC6BE /* ShareSDK.bundle */,
				7FF998ED1C6049B900EFC6BE /* ShareSDKConnector.framework */,
			);
			path = Required;
			sourceTree = "<group>";
		};
		821CBE8518E40B2E003E0F90 = {
			isa = PBXGroup;
			children = (
				821CBE9718E40B2F003E0F90 /* KevinExample */,
				821CBEB618E40B2F003E0F90 /* KevinExampleTests */,
				821CBE9018E40B2F003E0F90 /* Frameworks */,
				821CBE8F18E40B2F003E0F90 /* Products */,
				A1E6F7BF91B84E56890C2F85 /* Pods.xcconfig */,
			);
			sourceTree = "<group>";
		};
		821CBE8F18E40B2F003E0F90 /* Products */ = {
			isa = PBXGroup;
			children = (
				821CBE8E18E40B2F003E0F90 /* 马航失事.app */,
				821CBEAF18E40B2F003E0F90 /* KevinExampleTests.xctest */,
			);
			name = Products;
			sourceTree = "<group>";
		};
		821CBE9018E40B2F003E0F90 /* Frameworks */ = {
			isa = PBXGroup;
			children = (
				7FF999031C604CDC00EFC6BE /* libsqlite3.tbd */,
				7FF999011C604CD300EFC6BE /* AdSupport.framework */,
				7FF998FF1C604A5B00EFC6BE /* JavaScriptCore.framework */,
				7FF998FD1C604A4F00EFC6BE /* libstdc++.tbd */,
				7FF998FB1C604A4500EFC6BE /* libz.tbd */,
				7FF998F91C604A3900EFC6BE /* libicucore.tbd */,
				7FD286C91B27CDC700176CCC /* Accounts.framework */,
				7FD286C71B27CDC000176CCC /* Social.framework */,
				7FD286C51B27CDA100176CCC /* ImageIO.framework */,
				7FD286C31B27CD2700176CCC /* AddressBook.framework */,
				82D247CE18E5259300D7E361 /* AVFoundation.framework */,
				821CC00918E42452003E0F90 /* MessageUI.framework */,
				821CC00718E42443003E0F90 /* libsqlite3.dylib */,
				821CC00518E4243B003E0F90 /* libstdc++.dylib */,
				821CC00318E4242E003E0F90 /* Security.framework */,
				821CC00118E42427003E0F90 /* AssetsLibrary.framework */,
				821CBFFF18E42416003E0F90 /* CoreText.framework */,
				821CBFFD18E42410003E0F90 /* MediaPlayer.framework */,
				821CBFFB18E42408003E0F90 /* CoreLocation.framework */,
				821CBFF918E42400003E0F90 /* CoreMotion.framework */,
				821CBFF718E41D22003E0F90 /* libz.1.2.5.dylib */,
				821CBFF518E41D1B003E0F90 /* libicucore.dylib */,
				821CBFF318E41D11003E0F90 /* CoreTelephony.framework */,
				821CBFF118E41D08003E0F90 /* QuartzCore.framework */,
				821CBFEF18E41CFF003E0F90 /* SystemConfiguration.framework */,
				821CBE9118E40B2F003E0F90 /* Foundation.framework */,
				821CBE9318E40B2F003E0F90 /* CoreGraphics.framework */,
				821CBE9518E40B2F003E0F90 /* UIKit.framework */,
				821CBEB018E40B2F003E0F90 /* XCTest.framework */,
				0E968A364B6B4328B78F1ABC /* libPods.a */,
			);
			name = Frameworks;
			sourceTree = "<group>";
		};
		821CBE9718E40B2F003E0F90 /* KevinExample */ = {
			isa = PBXGroup;
			children = (
				82DD06C718F4DF6300A9861F /* HzLabel.h */,
				82DD06C818F4DF6300A9861F /* HzLabel.m */,
				82DD06CA18F4E27600A9861F /* HzTagLabel.h */,
				82DD06CB18F4E27600A9861F /* HzTagLabel.m */,
				821CBECA18E41AE6003E0F90 /* Utils */,
				821CBEA018E40B2F003E0F90 /* AppDelegate.h */,
				821CBEA118E40B2F003E0F90 /* AppDelegate.m */,
				821CBEA618E40B2F003E0F90 /* ViewController.h */,
				821CBEA718E40B2F003E0F90 /* ViewController.m */,
				821CBEC718E418B6003E0F90 /* ViewController.xib */,
				7FF998711C603A0700EFC6BE /* SettingsViewController.h */,
				7FF998721C603A0700EFC6BE /* SettingsViewController.m */,
				7FF998741C603A2000EFC6BE /* SettingsViewController.xib */,
				821CBEA918E40B2F003E0F90 /* Images.xcassets */,
				821CBE9818E40B2F003E0F90 /* Supporting Files */,
			);
			path = KevinExample;
			sourceTree = "<group>";
		};
		821CBE9818E40B2F003E0F90 /* Supporting Files */ = {
			isa = PBXGroup;
			children = (
				821CBE9918E40B2F003E0F90 /* KevinExample-Info.plist */,
				821CBE9A18E40B2F003E0F90 /* InfoPlist.strings */,
				821CBE9D18E40B2F003E0F90 /* main.m */,
				821CBE9F18E40B2F003E0F90 /* KevinExample-Prefix.pch */,
			);
			name = "Supporting Files";
			sourceTree = "<group>";
		};
		821CBEB618E40B2F003E0F90 /* KevinExampleTests */ = {
			isa = PBXGroup;
			children = (
				821CBEBC18E40B2F003E0F90 /* KevinExampleTests.m */,
				821CBEB718E40B2F003E0F90 /* Supporting Files */,
			);
			path = KevinExampleTests;
			sourceTree = "<group>";
		};
		821CBEB718E40B2F003E0F90 /* Supporting Files */ = {
			isa = PBXGroup;
			children = (
				821CBEB818E40B2F003E0F90 /* KevinExampleTests-Info.plist */,
				821CBEB918E40B2F003E0F90 /* InfoPlist.strings */,
			);
			name = "Supporting Files";
			sourceTree = "<group>";
		};
		821CBECA18E41AE6003E0F90 /* Utils */ = {
			isa = PBXGroup;
			children = (
				7FF998CE1C6049B900EFC6BE /* ShareSDK_v3.2.0 */,
				821CBEC918E41AC2003E0F90 /* Constants.h */,
			);
			name = Utils;
			sourceTree = "<group>";
		};
/* End PBXGroup section */

/* Begin PBXNativeTarget section */
		821CBE8D18E40B2F003E0F90 /* KevinExample */ = {
			isa = PBXNativeTarget;
			buildConfigurationList = 821CBEC018E40B2F003E0F90 /* Build configuration list for PBXNativeTarget "KevinExample" */;
			buildPhases = (
				4D3CD3FD62244A63B2BE2C5F /* Check Pods Manifest.lock */,
				821CBE8A18E40B2F003E0F90 /* Sources */,
				821CBE8B18E40B2F003E0F90 /* Frameworks */,
				821CBE8C18E40B2F003E0F90 /* Resources */,
				1879E423CEB74EE19B5B5AB4 /* Copy Pods Resources */,
			);
			buildRules = (
			);
			dependencies = (
			);
			name = KevinExample;
			productName = KevinExample;
			productReference = 821CBE8E18E40B2F003E0F90 /* 马航失事.app */;
			productType = "com.apple.product-type.application";
		};
		821CBEAE18E40B2F003E0F90 /* KevinExampleTests */ = {
			isa = PBXNativeTarget;
			buildConfigurationList = 821CBEC318E40B2F003E0F90 /* Build configuration list for PBXNativeTarget "KevinExampleTests" */;
			buildPhases = (
				821CBEAB18E40B2F003E0F90 /* Sources */,
				821CBEAC18E40B2F003E0F90 /* Frameworks */,
				821CBEAD18E40B2F003E0F90 /* Resources */,
			);
			buildRules = (
			);
			dependencies = (
				821CBEB518E40B2F003E0F90 /* PBXTargetDependency */,
			);
			name = KevinExampleTests;
			productName = KevinExampleTests;
			productReference = 821CBEAF18E40B2F003E0F90 /* KevinExampleTests.xctest */;
			productType = "com.apple.product-type.bundle.unit-test";
		};
/* End PBXNativeTarget section */

/* Begin PBXProject section */
		821CBE8618E40B2F003E0F90 /* Project object */ = {
			isa = PBXProject;
			attributes = {
				LastUpgradeCheck = 0510;
				ORGANIZATIONNAME = "何 峙";
				TargetAttributes = {
					821CBE8D18E40B2F003E0F90 = {
						DevelopmentTeam = E2C358R24T;
					};
					821CBEAE18E40B2F003E0F90 = {
						TestTargetID = 821CBE8D18E40B2F003E0F90;
					};
				};
			};
			buildConfigurationList = 821CBE8918E40B2F003E0F90 /* Build configuration list for PBXProject "KevinExample" */;
			compatibilityVersion = "Xcode 3.2";
			developmentRegion = English;
			hasScannedForEncodings = 0;
			knownRegions = (
				en,
				Base,
				"zh-Hans",
			);
			mainGroup = 821CBE8518E40B2E003E0F90;
			productRefGroup = 821CBE8F18E40B2F003E0F90 /* Products */;
			projectDirPath = "";
			projectRoot = "";
			targets = (
				821CBE8D18E40B2F003E0F90 /* KevinExample */,
				821CBEAE18E40B2F003E0F90 /* KevinExampleTests */,
			);
		};
/* End PBXProject section */

/* Begin PBXResourcesBuildPhase section */
		821CBE8C18E40B2F003E0F90 /* Resources */ = {
			isa = PBXResourcesBuildPhase;
			buildActionMask = 2147483647;
			files = (
				821CBEAA18E40B2F003E0F90 /* Images.xcassets in Resources */,
				821CBEC818E418B6003E0F90 /* ViewController.xib in Resources */,
				7FF998F01C6049B900EFC6BE /* ShareSDKUI.bundle in Resources */,
				7FF998751C603A2000EFC6BE /* SettingsViewController.xib in Resources */,
				7FF998F71C6049B900EFC6BE /* ShareSDK.bundle in Resources */,
				821CBE9C18E40B2F003E0F90 /* InfoPlist.strings in Resources */,
				7FF998F31C6049B900EFC6BE /* WeiboSDK.bundle in Resources */,
				7FF998F51C6049B900EFC6BE /* read_me.txt in Resources */,
			);
			runOnlyForDeploymentPostprocessing = 0;
		};
		821CBEAD18E40B2F003E0F90 /* Resources */ = {
			isa = PBXResourcesBuildPhase;
			buildActionMask = 2147483647;
			files = (
				821CBEBB18E40B2F003E0F90 /* InfoPlist.strings in Resources */,
			);
			runOnlyForDeploymentPostprocessing = 0;
		};
/* End PBXResourcesBuildPhase section */

/* Begin PBXShellScriptBuildPhase section */
		1879E423CEB74EE19B5B5AB4 /* Copy Pods Resources */ = {
			isa = PBXShellScriptBuildPhase;
			buildActionMask = 2147483647;
			files = (
			);
			inputPaths = (
			);
			name = "Copy Pods Resources";
			outputPaths = (
			);
			runOnlyForDeploymentPostprocessing = 0;
			shellPath = /bin/sh;
			shellScript = "\"${SRCROOT}/Pods/Pods-resources.sh\"\n";
			showEnvVarsInLog = 0;
		};
		4D3CD3FD62244A63B2BE2C5F /* Check Pods Manifest.lock */ = {
			isa = PBXShellScriptBuildPhase;
			buildActionMask = 2147483647;
			files = (
			);
			inputPaths = (
			);
			name = "Check Pods Manifest.lock";
			outputPaths = (
			);
			runOnlyForDeploymentPostprocessing = 0;
			shellPath = /bin/sh;
			shellScript = "diff \"${PODS_ROOT}/../Podfile.lock\" \"${PODS_ROOT}/Manifest.lock\" > /dev/null\nif [[ $? != 0 ]] ; then\n    cat << EOM\nerror: The sandbox is not in sync with the Podfile.lock. Run 'pod install' or update your CocoaPods installation.\nEOM\n    exit 1\nfi\n";
			showEnvVarsInLog = 0;
		};
/* End PBXShellScriptBuildPhase section */

/* Begin PBXSourcesBuildPhase section */
		821CBE8A18E40B2F003E0F90 /* Sources */ = {
			isa = PBXSourcesBuildPhase;
			buildActionMask = 2147483647;
			files = (
				821CBEA818E40B2F003E0F90 /* ViewController.m in Sources */,
				82DD06CC18F4E27600A9861F /* HzTagLabel.m in Sources */,
				821CBEA218E40B2F003E0F90 /* AppDelegate.m in Sources */,
				7FF998731C603A0700EFC6BE /* SettingsViewController.m in Sources */,
				82DD06C918F4DF6300A9861F /* HzLabel.m in Sources */,
				821CBE9E18E40B2F003E0F90 /* main.m in Sources */,
			);
			runOnlyForDeploymentPostprocessing = 0;
		};
		821CBEAB18E40B2F003E0F90 /* Sources */ = {
			isa = PBXSourcesBuildPhase;
			buildActionMask = 2147483647;
			files = (
				821CBEBD18E40B2F003E0F90 /* KevinExampleTests.m in Sources */,
			);
			runOnlyForDeploymentPostprocessing = 0;
		};
/* End PBXSourcesBuildPhase section */

/* Begin PBXTargetDependency section */
		821CBEB518E40B2F003E0F90 /* PBXTargetDependency */ = {
			isa = PBXTargetDependency;
			target = 821CBE8D18E40B2F003E0F90 /* KevinExample */;
			targetProxy = 821CBEB418E40B2F003E0F90 /* PBXContainerItemProxy */;
		};
/* End PBXTargetDependency section */

/* Begin PBXVariantGroup section */
		821CBE9A18E40B2F003E0F90 /* InfoPlist.strings */ = {
			isa = PBXVariantGroup;
			children = (
				821CBE9B18E40B2F003E0F90 /* en */,
			);
			name = InfoPlist.strings;
			sourceTree = "<group>";
		};
		821CBEB918E40B2F003E0F90 /* InfoPlist.strings */ = {
			isa = PBXVariantGroup;
			children = (
				821CBEBA18E40B2F003E0F90 /* en */,
			);
			name = InfoPlist.strings;
			sourceTree = "<group>";
		};
/* End PBXVariantGroup section */

/* Begin XCBuildConfiguration section */
		821CBEBE18E40B2F003E0F90 /* Debug */ = {
			isa = XCBuildConfiguration;
			buildSettings = {
				ALWAYS_SEARCH_USER_PATHS = NO;
				CLANG_CXX_LANGUAGE_STANDARD = "gnu++0x";
				CLANG_CXX_LIBRARY = "libc++";
				CLANG_ENABLE_MODULES = YES;
				CLANG_ENABLE_OBJC_ARC = YES;
				CLANG_WARN_BOOL_CONVERSION = YES;
				CLANG_WARN_CONSTANT_CONVERSION = YES;
				CLANG_WARN_DIRECT_OBJC_ISA_USAGE = YES_ERROR;
				CLANG_WARN_EMPTY_BODY = YES;
				CLANG_WARN_ENUM_CONVERSION = YES;
				CLANG_WARN_INT_CONVERSION = YES;
				CLANG_WARN_OBJC_ROOT_CLASS = YES_ERROR;
				CLANG_WARN__DUPLICATE_METHOD_MATCH = YES;
				CODE_SIGN_IDENTITY = "iPhone Developer: zhi he (LF544X4TQM)";
				"CODE_SIGN_IDENTITY[sdk=iphoneos*]" = "iPhone Developer: zhi he (LF544X4TQM)";
				COPY_PHASE_STRIP = NO;
				GCC_C_LANGUAGE_STANDARD = gnu99;
				GCC_DYNAMIC_NO_PIC = NO;
				GCC_OPTIMIZATION_LEVEL = 0;
				GCC_PREPROCESSOR_DEFINITIONS = (
					"DEBUG=1",
					"$(inherited)",
				);
				GCC_SYMBOLS_PRIVATE_EXTERN = NO;
				GCC_WARN_64_TO_32_BIT_CONVERSION = YES;
				GCC_WARN_ABOUT_RETURN_TYPE = YES_ERROR;
				GCC_WARN_UNDECLARED_SELECTOR = YES;
				GCC_WARN_UNINITIALIZED_AUTOS = YES_AGGRESSIVE;
				GCC_WARN_UNUSED_FUNCTION = YES;
				GCC_WARN_UNUSED_VARIABLE = YES;
				IPHONEOS_DEPLOYMENT_TARGET = 6.0;
				ONLY_ACTIVE_ARCH = YES;
				PROVISIONING_PROFILE = "77829060-55f3-491c-993d-401be04eb26b";
				SDKROOT = iphoneos;
			};
			name = Debug;
		};
		821CBEBF18E40B2F003E0F90 /* Release */ = {
			isa = XCBuildConfiguration;
			buildSettings = {
				ALWAYS_SEARCH_USER_PATHS = NO;
				CLANG_CXX_LANGUAGE_STANDARD = "gnu++0x";
				CLANG_CXX_LIBRARY = "libc++";
				CLANG_ENABLE_MODULES = YES;
				CLANG_ENABLE_OBJC_ARC = YES;
				CLANG_WARN_BOOL_CONVERSION = YES;
				CLANG_WARN_CONSTANT_CONVERSION = YES;
				CLANG_WARN_DIRECT_OBJC_ISA_USAGE = YES_ERROR;
				CLANG_WARN_EMPTY_BODY = YES;
				CLANG_WARN_ENUM_CONVERSION = YES;
				CLANG_WARN_INT_CONVERSION = YES;
				CLANG_WARN_OBJC_ROOT_CLASS = YES_ERROR;
				CLANG_WARN__DUPLICATE_METHOD_MATCH = YES;
				CODE_SIGN_IDENTITY = "iPhone Developer: zhi he (LF544X4TQM)";
				"CODE_SIGN_IDENTITY[sdk=iphoneos*]" = "iPhone Developer: zhi he (LF544X4TQM)";
				COPY_PHASE_STRIP = YES;
				ENABLE_NS_ASSERTIONS = NO;
				GCC_C_LANGUAGE_STANDARD = gnu99;
				GCC_WARN_64_TO_32_BIT_CONVERSION = YES;
				GCC_WARN_ABOUT_RETURN_TYPE = YES_ERROR;
				GCC_WARN_UNDECLARED_SELECTOR = YES;
				GCC_WARN_UNINITIALIZED_AUTOS = YES_AGGRESSIVE;
				GCC_WARN_UNUSED_FUNCTION = YES;
				GCC_WARN_UNUSED_VARIABLE = YES;
				IPHONEOS_DEPLOYMENT_TARGET = 6.0;
				PROVISIONING_PROFILE = "77829060-55f3-491c-993d-401be04eb26b";
				SDKROOT = iphoneos;
				VALIDATE_PRODUCT = YES;
			};
			name = Release;
		};
		821CBEC118E40B2F003E0F90 /* Debug */ = {
			isa = XCBuildConfiguration;
			baseConfigurationReference = A1E6F7BF91B84E56890C2F85 /* Pods.xcconfig */;
			buildSettings = {
				ASSETCATALOG_COMPILER_APPICON_NAME = AppIcon;
				ASSETCATALOG_COMPILER_LAUNCHIMAGE_NAME = LaunchImage;
				CODE_SIGN_IDENTITY = "iPhone Developer: zhi he (LF544X4TQM)";
				"CODE_SIGN_IDENTITY[sdk=iphoneos*]" = "iPhone Developer: zhi he (LF544X4TQM)";
				ENABLE_BITCODE = NO;
				FRAMEWORK_SEARCH_PATHS = (
					"$(PROJECT_DIR)/ShareSDK_v2.11.0/Connection",
					"$(PROJECT_DIR)/ShareSDK_v2.11.0/Core",
					"$(PROJECT_DIR)/ShareSDK_v2.11.0/Extend/GooglePlusSDK",
					"$(PROJECT_DIR)/ShareSDK_v2.11.0/Extend/Pinterest.embeddedframework",
					"$(PROJECT_DIR)/ShareSDK_v2.11.0/Extend/QQConnectSDK",
					"$(PROJECT_DIR)/ShareSDK_v2.11.0/Extend/RenRenSDK",
					"$(PROJECT_DIR)/ShareSDK_v2.11.0",
					"$(PROJECT_DIR)/ShareSDK_v2.11.0/UI",
					"$(PROJECT_DIR)/KevinExample/ShareSDK",
					"$(PROJECT_DIR)/KevinExample/ShareSDK/Support/Optional",
					"$(PROJECT_DIR)/KevinExample/ShareSDK/Support/Required",
					"$(SDKROOT)$(SYSTEM_LIBRARY_DIR)/PrivateFrameworks",
				);
				GCC_PRECOMPILE_PREFIX_HEADER = YES;
				GCC_PREFIX_HEADER = "KevinExample/KevinExample-Prefix.pch";
				INFOPLIST_FILE = "KevinExample/KevinExample-Info.plist";
				IPHONEOS_DEPLOYMENT_TARGET = 6.0;
				LIBRARY_SEARCH_PATHS = (
					"$(inherited)",
					"$(PROJECT_DIR)/ShareSDK_v2.11.0/Extend/SinaWeiboSDK",
					"$(PROJECT_DIR)/ShareSDK_v2.11.0/Extend/TencentWeiboSDK",
					"$(PROJECT_DIR)/ShareSDK_v2.11.0/Extend/WeChatSDK",
					"$(PROJECT_DIR)/ShareSDK_v2.11.0/Extend/YiXinSDK",
					"$(PROJECT_DIR)/KevinExample/ShareSDK/Support/PlatformSDK/SinaWeiboSDK",
					"$(PROJECT_DIR)/KevinExample/ShareSDK/Support/PlatformSDK/WeChatSDK",
				);
				PRODUCT_NAME = "马航失事";
				PROVISIONING_PROFILE = "a811edda-e9a6-4f36-b1f4-04b4606f03b4";
				WRAPPER_EXTENSION = app;
			};
			name = Debug;
		};
		821CBEC218E40B2F003E0F90 /* Release */ = {
			isa = XCBuildConfiguration;
			baseConfigurationReference = A1E6F7BF91B84E56890C2F85 /* Pods.xcconfig */;
			buildSettings = {
				ASSETCATALOG_COMPILER_APPICON_NAME = AppIcon;
				ASSETCATALOG_COMPILER_LAUNCHIMAGE_NAME = LaunchImage;
				CODE_SIGN_IDENTITY = "iPhone Developer: zhi he (LF544X4TQM)";
				"CODE_SIGN_IDENTITY[sdk=iphoneos*]" = "iPhone Developer: zhi he (LF544X4TQM)";
				ENABLE_BITCODE = NO;
				FRAMEWORK_SEARCH_PATHS = (
					"$(PROJECT_DIR)/ShareSDK_v2.11.0/Connection",
					"$(PROJECT_DIR)/ShareSDK_v2.11.0/Core",
					"$(PROJECT_DIR)/ShareSDK_v2.11.0/Extend/GooglePlusSDK",
					"$(PROJECT_DIR)/ShareSDK_v2.11.0/Extend/Pinterest.embeddedframework",
					"$(PROJECT_DIR)/ShareSDK_v2.11.0/Extend/QQConnectSDK",
					"$(PROJECT_DIR)/ShareSDK_v2.11.0/Extend/RenRenSDK",
					"$(PROJECT_DIR)/ShareSDK_v2.11.0",
					"$(PROJECT_DIR)/ShareSDK_v2.11.0/UI",
					"$(PROJECT_DIR)/KevinExample/ShareSDK",
					"$(PROJECT_DIR)/KevinExample/ShareSDK/Support/Optional",
					"$(PROJECT_DIR)/KevinExample/ShareSDK/Support/Required",
					"$(SDKROOT)$(SYSTEM_LIBRARY_DIR)/PrivateFrameworks",
				);
				GCC_PRECOMPILE_PREFIX_HEADER = YES;
				GCC_PREFIX_HEADER = "KevinExample/KevinExample-Prefix.pch";
				INFOPLIST_FILE = "KevinExample/KevinExample-Info.plist";
				IPHONEOS_DEPLOYMENT_TARGET = 6.0;
				LIBRARY_SEARCH_PATHS = (
					"$(inherited)",
					"$(PROJECT_DIR)/ShareSDK_v2.11.0/Extend/SinaWeiboSDK",
					"$(PROJECT_DIR)/ShareSDK_v2.11.0/Extend/TencentWeiboSDK",
					"$(PROJECT_DIR)/ShareSDK_v2.11.0/Extend/WeChatSDK",
					"$(PROJECT_DIR)/ShareSDK_v2.11.0/Extend/YiXinSDK",
					"$(PROJECT_DIR)/KevinExample/ShareSDK/Support/PlatformSDK/SinaWeiboSDK",
					"$(PROJECT_DIR)/KevinExample/ShareSDK/Support/PlatformSDK/WeChatSDK",
				);
				PRODUCT_NAME = "马航失事";
				PROVISIONING_PROFILE = "a811edda-e9a6-4f36-b1f4-04b4606f03b4";
				WRAPPER_EXTENSION = app;
			};
			name = Release;
		};
		821CBEC418E40B2F003E0F90 /* Debug */ = {
			isa = XCBuildConfiguration;
			buildSettings = {
				BUNDLE_LOADER = "";
				CODE_SIGN_IDENTITY = "iPhone Developer: zhi he (LF544X4TQM)";
				FRAMEWORK_SEARCH_PATHS = (
					"$(SDKROOT)/Developer/Library/Frameworks",
					"$(inherited)",
					"$(DEVELOPER_FRAMEWORKS_DIR)",
				);
				GCC_PRECOMPILE_PREFIX_HEADER = YES;
				GCC_PREFIX_HEADER = "KevinExample/KevinExample-Prefix.pch";
				GCC_PREPROCESSOR_DEFINITIONS = (
					"DEBUG=1",
					"$(inherited)",
				);
				INFOPLIST_FILE = "KevinExampleTests/KevinExampleTests-Info.plist";
				PRODUCT_NAME = "$(TARGET_NAME)";
				PROVISIONING_PROFILE = "a811edda-e9a6-4f36-b1f4-04b4606f03b4";
				TEST_HOST = "$(BUNDLE_LOADER)";
				WRAPPER_EXTENSION = xctest;
			};
			name = Debug;
		};
		821CBEC518E40B2F003E0F90 /* Release */ = {
			isa = XCBuildConfiguration;
			buildSettings = {
				BUNDLE_LOADER = "";
				CODE_SIGN_IDENTITY = "iPhone Developer: zhi he (LF544X4TQM)";
				FRAMEWORK_SEARCH_PATHS = (
					"$(SDKROOT)/Developer/Library/Frameworks",
					"$(inherited)",
					"$(DEVELOPER_FRAMEWORKS_DIR)",
				);
				GCC_PRECOMPILE_PREFIX_HEADER = YES;
				GCC_PREFIX_HEADER = "KevinExample/KevinExample-Prefix.pch";
				INFOPLIST_FILE = "KevinExampleTests/KevinExampleTests-Info.plist";
				PRODUCT_NAME = "$(TARGET_NAME)";
				PROVISIONING_PROFILE = "a811edda-e9a6-4f36-b1f4-04b4606f03b4";
				TEST_HOST = "$(BUNDLE_LOADER)";
				WRAPPER_EXTENSION = xctest;
			};
			name = Release;
		};
/* End XCBuildConfiguration section */

/* Begin XCConfigurationList section */
		821CBE8918E40B2F003E0F90 /* Build configuration list for PBXProject "KevinExample" */ = {
			isa = XCConfigurationList;
			buildConfigurations = (
				821CBEBE18E40B2F003E0F90 /* Debug */,
				821CBEBF18E40B2F003E0F90 /* Release */,
			);
			defaultConfigurationIsVisible = 0;
			defaultConfigurationName = Release;
		};
		821CBEC018E40B2F003E0F90 /* Build configuration list for PBXNativeTarget "KevinExample" */ = {
			isa = XCConfigurationList;
			buildConfigurations = (
				821CBEC118E40B2F003E0F90 /* Debug */,
				821CBEC218E40B2F003E0F90 /* Release */,
			);
			defaultConfigurationIsVisible = 0;
			defaultConfigurationName = Release;
		};
		821CBEC318E40B2F003E0F90 /* Build configuration list for PBXNativeTarget "KevinExampleTests" */ = {
			isa = XCConfigurationList;
			buildConfigurations = (
				821CBEC418E40B2F003E0F90 /* Debug */,
				821CBEC518E40B2F003E0F90 /* Release */,
			);
			defaultConfigurationIsVisible = 0;
			defaultConfigurationName = Release;
		};
/* End XCConfigurationList section */
	};
	rootObject = 821CBE8618E40B2F003E0F90 /* Project object */;
}
